// !$*UTF8*$!
{
	archiveVersion = 1;
	classes = {
	};
	objectVersion = 56;
	objects = {

/* Begin PBXBuildFile section */
		4519A1D82AFE7151001330BE /* AppDelegate.swift in Sources */ = {isa = PBXBuildFile; fileRef = 4519A1D72AFE7151001330BE /* AppDelegate.swift */; };
		4519A1DA2AFE7151001330BE /* SceneDelegate.swift in Sources */ = {isa = PBXBuildFile; fileRef = 4519A1D92AFE7151001330BE /* SceneDelegate.swift */; };
		4519A1DC2AFE7151001330BE /* ConversationsViewController.swift in Sources */ = {isa = PBXBuildFile; fileRef = 4519A1DB2AFE7151001330BE /* ConversationsViewController.swift */; };
		4519A1DF2AFE7151001330BE /* Main.storyboard in Resources */ = {isa = PBXBuildFile; fileRef = 4519A1DD2AFE7151001330BE /* Main.storyboard */; };
		4519A1E12AFE7152001330BE /* Assets.xcassets in Resources */ = {isa = PBXBuildFile; fileRef = 4519A1E02AFE7152001330BE /* Assets.xcassets */; };
		4519A1E42AFE7152001330BE /* LaunchScreen.storyboard in Resources */ = {isa = PBXBuildFile; fileRef = 4519A1E22AFE7152001330BE /* LaunchScreen.storyboard */; };
		4519A1F22AFE74DE001330BE /* LoginViewController.swift in Sources */ = {isa = PBXBuildFile; fileRef = 4519A1F12AFE74DE001330BE /* LoginViewController.swift */; };
		4519A1F42AFE74F1001330BE /* RegisterViewController.swift in Sources */ = {isa = PBXBuildFile; fileRef = 4519A1F32AFE74F1001330BE /* RegisterViewController.swift */; };
		4519A1F62AFE750E001330BE /* PhotoViewerViewController.swift in Sources */ = {isa = PBXBuildFile; fileRef = 4519A1F52AFE750E001330BE /* PhotoViewerViewController.swift */; };
		4519A1F82AFE751D001330BE /* VideoPlayerViewController.swift in Sources */ = {isa = PBXBuildFile; fileRef = 4519A1F72AFE751D001330BE /* VideoPlayerViewController.swift */; };
		4519A1FA2AFE7537001330BE /* NewConversationViewController.swift in Sources */ = {isa = PBXBuildFile; fileRef = 4519A1F92AFE7537001330BE /* NewConversationViewController.swift */; };
		4519A1FC2AFE7543001330BE /* ProfileViewController.swift in Sources */ = {isa = PBXBuildFile; fileRef = 4519A1FB2AFE7543001330BE /* ProfileViewController.swift */; };
		4519A1FF2AFE7F86001330BE /* UIView+Extension.swift in Sources */ = {isa = PBXBuildFile; fileRef = 4519A1FE2AFE7F86001330BE /* UIView+Extension.swift */; };
		4519A2082AFEBDE2001330BE /* GoogleService-Info.plist in Resources */ = {isa = PBXBuildFile; fileRef = 4519A2072AFEBDE2001330BE /* GoogleService-Info.plist */; };
		4519A2162AFEC512001330BE /* FirebaseAnalytics in Frameworks */ = {isa = PBXBuildFile; productRef = 4519A2152AFEC512001330BE /* FirebaseAnalytics */; };
		4519A2182AFEC512001330BE /* FirebaseAnalyticsOnDeviceConversion in Frameworks */ = {isa = PBXBuildFile; productRef = 4519A2172AFEC512001330BE /* FirebaseAnalyticsOnDeviceConversion */; };
		4519A21A2AFEC512001330BE /* FirebaseAnalyticsSwift in Frameworks */ = {isa = PBXBuildFile; productRef = 4519A2192AFEC512001330BE /* FirebaseAnalyticsSwift */; };
		4519A21C2AFEC512001330BE /* FirebaseAnalyticsWithoutAdIdSupport in Frameworks */ = {isa = PBXBuildFile; productRef = 4519A21B2AFEC512001330BE /* FirebaseAnalyticsWithoutAdIdSupport */; };
		4519A21E2AFEC512001330BE /* FirebaseAppCheck in Frameworks */ = {isa = PBXBuildFile; productRef = 4519A21D2AFEC512001330BE /* FirebaseAppCheck */; };
		4519A2202AFEC512001330BE /* FirebaseAppDistribution-Beta in Frameworks */ = {isa = PBXBuildFile; productRef = 4519A21F2AFEC512001330BE /* FirebaseAppDistribution-Beta */; };
		4519A2222AFEC512001330BE /* FirebaseAuth in Frameworks */ = {isa = PBXBuildFile; productRef = 4519A2212AFEC512001330BE /* FirebaseAuth */; };
		4519A2242AFEC512001330BE /* FirebaseAuthCombine-Community in Frameworks */ = {isa = PBXBuildFile; productRef = 4519A2232AFEC512001330BE /* FirebaseAuthCombine-Community */; };
		4519A2262AFEC512001330BE /* FirebaseCrashlytics in Frameworks */ = {isa = PBXBuildFile; productRef = 4519A2252AFEC512001330BE /* FirebaseCrashlytics */; };
		4519A2282AFEC512001330BE /* FirebaseDatabase in Frameworks */ = {isa = PBXBuildFile; productRef = 4519A2272AFEC512001330BE /* FirebaseDatabase */; };
		4519A22A2AFEC512001330BE /* FirebaseDatabaseSwift in Frameworks */ = {isa = PBXBuildFile; productRef = 4519A2292AFEC512001330BE /* FirebaseDatabaseSwift */; };
		4519A22C2AFEC512001330BE /* FirebaseDynamicLinks in Frameworks */ = {isa = PBXBuildFile; productRef = 4519A22B2AFEC512001330BE /* FirebaseDynamicLinks */; };
		4519A22E2AFEC512001330BE /* FirebaseFirestore in Frameworks */ = {isa = PBXBuildFile; productRef = 4519A22D2AFEC512001330BE /* FirebaseFirestore */; };
		4519A2302AFEC512001330BE /* FirebaseFirestoreCombine-Community in Frameworks */ = {isa = PBXBuildFile; productRef = 4519A22F2AFEC512001330BE /* FirebaseFirestoreCombine-Community */; };
		4519A2322AFEC512001330BE /* FirebaseFirestoreSwift in Frameworks */ = {isa = PBXBuildFile; productRef = 4519A2312AFEC512001330BE /* FirebaseFirestoreSwift */; };
		4519A2342AFEC512001330BE /* FirebaseFunctions in Frameworks */ = {isa = PBXBuildFile; productRef = 4519A2332AFEC512001330BE /* FirebaseFunctions */; };
		4519A2362AFEC512001330BE /* FirebaseFunctionsCombine-Community in Frameworks */ = {isa = PBXBuildFile; productRef = 4519A2352AFEC512001330BE /* FirebaseFunctionsCombine-Community */; };
		4519A2382AFEC512001330BE /* FirebaseInAppMessaging-Beta in Frameworks */ = {isa = PBXBuildFile; productRef = 4519A2372AFEC512001330BE /* FirebaseInAppMessaging-Beta */; };
		4519A23A2AFEC512001330BE /* FirebaseInAppMessagingSwift-Beta in Frameworks */ = {isa = PBXBuildFile; productRef = 4519A2392AFEC512001330BE /* FirebaseInAppMessagingSwift-Beta */; };
		4519A23C2AFEC512001330BE /* FirebaseInstallations in Frameworks */ = {isa = PBXBuildFile; productRef = 4519A23B2AFEC512001330BE /* FirebaseInstallations */; };
		4519A23E2AFEC512001330BE /* FirebaseMLModelDownloader in Frameworks */ = {isa = PBXBuildFile; productRef = 4519A23D2AFEC512001330BE /* FirebaseMLModelDownloader */; };
		4519A2402AFEC512001330BE /* FirebaseMessaging in Frameworks */ = {isa = PBXBuildFile; productRef = 4519A23F2AFEC512001330BE /* FirebaseMessaging */; };
		4519A2422AFEC512001330BE /* FirebasePerformance in Frameworks */ = {isa = PBXBuildFile; productRef = 4519A2412AFEC512001330BE /* FirebasePerformance */; };
		4519A2442AFEC512001330BE /* FirebaseRemoteConfig in Frameworks */ = {isa = PBXBuildFile; productRef = 4519A2432AFEC512001330BE /* FirebaseRemoteConfig */; };
		4519A2462AFEC512001330BE /* FirebaseRemoteConfigSwift in Frameworks */ = {isa = PBXBuildFile; productRef = 4519A2452AFEC512001330BE /* FirebaseRemoteConfigSwift */; };
		4519A2482AFEC512001330BE /* FirebaseStorage in Frameworks */ = {isa = PBXBuildFile; productRef = 4519A2472AFEC512001330BE /* FirebaseStorage */; };
		4519A24A2AFEC512001330BE /* FirebaseStorageCombine-Community in Frameworks */ = {isa = PBXBuildFile; productRef = 4519A2492AFEC512001330BE /* FirebaseStorageCombine-Community */; };
		45FD7F1A2AFFD634007A22F0 /* DatabaseManager.swift in Sources */ = {isa = PBXBuildFile; fileRef = 45FD7F192AFFD634007A22F0 /* DatabaseManager.swift */; };
		45FD7F3B2AFFF5BE007A22F0 /* FacebookBasics in Frameworks */ = {isa = PBXBuildFile; productRef = 45FD7F3A2AFFF5BE007A22F0 /* FacebookBasics */; };
		45FD7F3D2AFFF5BE007A22F0 /* FacebookCore in Frameworks */ = {isa = PBXBuildFile; productRef = 45FD7F3C2AFFF5BE007A22F0 /* FacebookCore */; };
		45FD7F3F2AFFF5BE007A22F0 /* FacebookLogin in Frameworks */ = {isa = PBXBuildFile; productRef = 45FD7F3E2AFFF5BE007A22F0 /* FacebookLogin */; };
/* End PBXBuildFile section */

/* Begin PBXFileReference section */
		4519A1D42AFE7151001330BE /* Messenger.app */ = {isa = PBXFileReference; explicitFileType = wrapper.application; includeInIndex = 0; path = Messenger.app; sourceTree = BUILT_PRODUCTS_DIR; };
		4519A1D72AFE7151001330BE /* AppDelegate.swift */ = {isa = PBXFileReference; lastKnownFileType = sourcecode.swift; path = AppDelegate.swift; sourceTree = "<group>"; };
		4519A1D92AFE7151001330BE /* SceneDelegate.swift */ = {isa = PBXFileReference; lastKnownFileType = sourcecode.swift; path = SceneDelegate.swift; sourceTree = "<group>"; };
		4519A1DB2AFE7151001330BE /* ConversationsViewController.swift */ = {isa = PBXFileReference; lastKnownFileType = sourcecode.swift; path = ConversationsViewController.swift; sourceTree = "<group>"; };
		4519A1DE2AFE7151001330BE /* Base */ = {isa = PBXFileReference; lastKnownFileType = file.storyboard; name = Base; path = Base.lproj/Main.storyboard; sourceTree = "<group>"; };
		4519A1E02AFE7152001330BE /* Assets.xcassets */ = {isa = PBXFileReference; lastKnownFileType = folder.assetcatalog; path = Assets.xcassets; sourceTree = "<group>"; };
		4519A1E32AFE7152001330BE /* Base */ = {isa = PBXFileReference; lastKnownFileType = file.storyboard; name = Base; path = Base.lproj/LaunchScreen.storyboard; sourceTree = "<group>"; };
		4519A1E52AFE7152001330BE /* Info.plist */ = {isa = PBXFileReference; lastKnownFileType = text.plist.xml; path = Info.plist; sourceTree = "<group>"; };
		4519A1F12AFE74DE001330BE /* LoginViewController.swift */ = {isa = PBXFileReference; lastKnownFileType = sourcecode.swift; path = LoginViewController.swift; sourceTree = "<group>"; };
		4519A1F32AFE74F1001330BE /* RegisterViewController.swift */ = {isa = PBXFileReference; lastKnownFileType = sourcecode.swift; path = RegisterViewController.swift; sourceTree = "<group>"; };
		4519A1F52AFE750E001330BE /* PhotoViewerViewController.swift */ = {isa = PBXFileReference; lastKnownFileType = sourcecode.swift; path = PhotoViewerViewController.swift; sourceTree = "<group>"; };
		4519A1F72AFE751D001330BE /* VideoPlayerViewController.swift */ = {isa = PBXFileReference; lastKnownFileType = sourcecode.swift; path = VideoPlayerViewController.swift; sourceTree = "<group>"; };
		4519A1F92AFE7537001330BE /* NewConversationViewController.swift */ = {isa = PBXFileReference; lastKnownFileType = sourcecode.swift; path = NewConversationViewController.swift; sourceTree = "<group>"; };
		4519A1FB2AFE7543001330BE /* ProfileViewController.swift */ = {isa = PBXFileReference; lastKnownFileType = sourcecode.swift; path = ProfileViewController.swift; sourceTree = "<group>"; };
		4519A1FE2AFE7F86001330BE /* UIView+Extension.swift */ = {isa = PBXFileReference; lastKnownFileType = sourcecode.swift; path = "UIView+Extension.swift"; sourceTree = "<group>"; };
		4519A2072AFEBDE2001330BE /* GoogleService-Info.plist */ = {isa = PBXFileReference; fileEncoding = 4; lastKnownFileType = text.plist.xml; path = "GoogleService-Info.plist"; sourceTree = "<group>"; };
		45FD7F192AFFD634007A22F0 /* DatabaseManager.swift */ = {isa = PBXFileReference; lastKnownFileType = sourcecode.swift; path = DatabaseManager.swift; sourceTree = "<group>"; };
		45FD7F402AFFFA82007A22F0 /* Messenger.entitlements */ = {isa = PBXFileReference; lastKnownFileType = text.plist.entitlements; path = Messenger.entitlements; sourceTree = "<group>"; };
/* End PBXFileReference section */

/* Begin PBXFrameworksBuildPhase section */
		4519A1D12AFE7151001330BE /* Frameworks */ = {
			isa = PBXFrameworksBuildPhase;
			buildActionMask = 2147483647;
			files = (
				45FD7F3D2AFFF5BE007A22F0 /* FacebookCore in Frameworks */,
				4519A2282AFEC512001330BE /* FirebaseDatabase in Frameworks */,
				4519A2362AFEC512001330BE /* FirebaseFunctionsCombine-Community in Frameworks */,
				4519A22E2AFEC512001330BE /* FirebaseFirestore in Frameworks */,
				4519A21A2AFEC512001330BE /* FirebaseAnalyticsSwift in Frameworks */,
				4519A2162AFEC512001330BE /* FirebaseAnalytics in Frameworks */,
				4519A2182AFEC512001330BE /* FirebaseAnalyticsOnDeviceConversion in Frameworks */,
				4519A23E2AFEC512001330BE /* FirebaseMLModelDownloader in Frameworks */,
				4519A2322AFEC512001330BE /* FirebaseFirestoreSwift in Frameworks */,
				4519A21E2AFEC512001330BE /* FirebaseAppCheck in Frameworks */,
				4519A21C2AFEC512001330BE /* FirebaseAnalyticsWithoutAdIdSupport in Frameworks */,
				4519A2222AFEC512001330BE /* FirebaseAuth in Frameworks */,
				4519A2262AFEC512001330BE /* FirebaseCrashlytics in Frameworks */,
				4519A2462AFEC512001330BE /* FirebaseRemoteConfigSwift in Frameworks */,
				4519A2382AFEC512001330BE /* FirebaseInAppMessaging-Beta in Frameworks */,
				4519A22A2AFEC512001330BE /* FirebaseDatabaseSwift in Frameworks */,
				4519A2342AFEC512001330BE /* FirebaseFunctions in Frameworks */,
				4519A24A2AFEC512001330BE /* FirebaseStorageCombine-Community in Frameworks */,
				4519A2442AFEC512001330BE /* FirebaseRemoteConfig in Frameworks */,
				4519A2202AFEC512001330BE /* FirebaseAppDistribution-Beta in Frameworks */,
				45FD7F3F2AFFF5BE007A22F0 /* FacebookLogin in Frameworks */,
				4519A2242AFEC512001330BE /* FirebaseAuthCombine-Community in Frameworks */,
				4519A2422AFEC512001330BE /* FirebasePerformance in Frameworks */,
				45FD7F3B2AFFF5BE007A22F0 /* FacebookBasics in Frameworks */,
				4519A23A2AFEC512001330BE /* FirebaseInAppMessagingSwift-Beta in Frameworks */,
				4519A2482AFEC512001330BE /* FirebaseStorage in Frameworks */,
				4519A22C2AFEC512001330BE /* FirebaseDynamicLinks in Frameworks */,
				4519A2302AFEC512001330BE /* FirebaseFirestoreCombine-Community in Frameworks */,
				4519A2402AFEC512001330BE /* FirebaseMessaging in Frameworks */,
				4519A23C2AFEC512001330BE /* FirebaseInstallations in Frameworks */,
			);
			runOnlyForDeploymentPostprocessing = 0;
		};
/* End PBXFrameworksBuildPhase section */

/* Begin PBXGroup section */
		4519A1CB2AFE7151001330BE = {
			isa = PBXGroup;
			children = (
				4519A1D62AFE7151001330BE /* Messenger */,
				4519A1D52AFE7151001330BE /* Products */,
			);
			sourceTree = "<group>";
		};
		4519A1D52AFE7151001330BE /* Products */ = {
			isa = PBXGroup;
			children = (
				4519A1D42AFE7151001330BE /* Messenger.app */,
			);
			name = Products;
			sourceTree = "<group>";
		};
		4519A1D62AFE7151001330BE /* Messenger */ = {
			isa = PBXGroup;
			children = (
				45FD7F402AFFFA82007A22F0 /* Messenger.entitlements */,
				4519A2072AFEBDE2001330BE /* GoogleService-Info.plist */,
				45FD7F182AFFD61F007A22F0 /* Managers */,
				4519A1EF2AFE7320001330BE /* Resources */,
				4519A1EE2AFE7319001330BE /* ViewModels */,
				4519A1ED2AFE7310001330BE /* Models */,
				4519A1EC2AFE7307001330BE /* Views */,
				4519A1EB2AFE7300001330BE /* Controllers */,
				4519A1E52AFE7152001330BE /* Info.plist */,
			);
			path = Messenger;
			sourceTree = "<group>";
		};
		4519A1EB2AFE7300001330BE /* Controllers */ = {
			isa = PBXGroup;
			children = (
				4519A1DB2AFE7151001330BE /* ConversationsViewController.swift */,
				4519A1FD2AFE78AB001330BE /* Login&Register */,
				4519A1F52AFE750E001330BE /* PhotoViewerViewController.swift */,
				4519A1F72AFE751D001330BE /* VideoPlayerViewController.swift */,
				4519A1F92AFE7537001330BE /* NewConversationViewController.swift */,
				4519A1FB2AFE7543001330BE /* ProfileViewController.swift */,
			);
			path = Controllers;
			sourceTree = "<group>";
		};
		4519A1EC2AFE7307001330BE /* Views */ = {
			isa = PBXGroup;
			children = (
				4519A1F02AFE7343001330BE /* Storyboards */,
				4519A1E02AFE7152001330BE /* Assets.xcassets */,
			);
			path = Views;
			sourceTree = "<group>";
		};
		4519A1ED2AFE7310001330BE /* Models */ = {
			isa = PBXGroup;
			children = (
			);
			path = Models;
			sourceTree = "<group>";
		};
		4519A1EE2AFE7319001330BE /* ViewModels */ = {
			isa = PBXGroup;
			children = (
			);
			path = ViewModels;
			sourceTree = "<group>";
		};
		4519A1EF2AFE7320001330BE /* Resources */ = {
			isa = PBXGroup;
			children = (
				4519A1D72AFE7151001330BE /* AppDelegate.swift */,
				4519A1D92AFE7151001330BE /* SceneDelegate.swift */,
				4519A1FE2AFE7F86001330BE /* UIView+Extension.swift */,
			);
			path = Resources;
			sourceTree = "<group>";
		};
		4519A1F02AFE7343001330BE /* Storyboards */ = {
			isa = PBXGroup;
			children = (
				4519A1DD2AFE7151001330BE /* Main.storyboard */,
				4519A1E22AFE7152001330BE /* LaunchScreen.storyboard */,
			);
			path = Storyboards;
			sourceTree = "<group>";
		};
		4519A1FD2AFE78AB001330BE /* Login&Register */ = {
			isa = PBXGroup;
			children = (
				4519A1F12AFE74DE001330BE /* LoginViewController.swift */,
				4519A1F32AFE74F1001330BE /* RegisterViewController.swift */,
			);
			path = "Login&Register";
			sourceTree = "<group>";
		};
		45FD7F182AFFD61F007A22F0 /* Managers */ = {
			isa = PBXGroup;
			children = (
				45FD7F192AFFD634007A22F0 /* DatabaseManager.swift */,
			);
			path = Managers;
			sourceTree = "<group>";
		};
/* End PBXGroup section */

/* Begin PBXNativeTarget section */
		4519A1D32AFE7151001330BE /* Messenger */ = {
			isa = PBXNativeTarget;
			buildConfigurationList = 4519A1E82AFE7152001330BE /* Build configuration list for PBXNativeTarget "Messenger" */;
			buildPhases = (
				4519A1D02AFE7151001330BE /* Sources */,
				4519A1D12AFE7151001330BE /* Frameworks */,
				4519A1D22AFE7151001330BE /* Resources */,
			);
			buildRules = (
			);
			dependencies = (
			);
			name = Messenger;
			packageProductDependencies = (
				4519A2152AFEC512001330BE /* FirebaseAnalytics */,
				4519A2172AFEC512001330BE /* FirebaseAnalyticsOnDeviceConversion */,
				4519A2192AFEC512001330BE /* FirebaseAnalyticsSwift */,
				4519A21B2AFEC512001330BE /* FirebaseAnalyticsWithoutAdIdSupport */,
				4519A21D2AFEC512001330BE /* FirebaseAppCheck */,
				4519A21F2AFEC512001330BE /* FirebaseAppDistribution-Beta */,
				4519A2212AFEC512001330BE /* FirebaseAuth */,
				4519A2232AFEC512001330BE /* FirebaseAuthCombine-Community */,
				4519A2252AFEC512001330BE /* FirebaseCrashlytics */,
				4519A2272AFEC512001330BE /* FirebaseDatabase */,
				4519A2292AFEC512001330BE /* FirebaseDatabaseSwift */,
				4519A22B2AFEC512001330BE /* FirebaseDynamicLinks */,
				4519A22D2AFEC512001330BE /* FirebaseFirestore */,
				4519A22F2AFEC512001330BE /* FirebaseFirestoreCombine-Community */,
				4519A2312AFEC512001330BE /* FirebaseFirestoreSwift */,
				4519A2332AFEC512001330BE /* FirebaseFunctions */,
				4519A2352AFEC512001330BE /* FirebaseFunctionsCombine-Community */,
				4519A2372AFEC512001330BE /* FirebaseInAppMessaging-Beta */,
				4519A2392AFEC512001330BE /* FirebaseInAppMessagingSwift-Beta */,
				4519A23B2AFEC512001330BE /* FirebaseInstallations */,
				4519A23D2AFEC512001330BE /* FirebaseMLModelDownloader */,
				4519A23F2AFEC512001330BE /* FirebaseMessaging */,
				4519A2412AFEC512001330BE /* FirebasePerformance */,
				4519A2432AFEC512001330BE /* FirebaseRemoteConfig */,
				4519A2452AFEC512001330BE /* FirebaseRemoteConfigSwift */,
				4519A2472AFEC512001330BE /* FirebaseStorage */,
				4519A2492AFEC512001330BE /* FirebaseStorageCombine-Community */,
				45FD7F3A2AFFF5BE007A22F0 /* FacebookBasics */,
				45FD7F3C2AFFF5BE007A22F0 /* FacebookCore */,
				45FD7F3E2AFFF5BE007A22F0 /* FacebookLogin */,
			);
			productName = Messenger;
			productReference = 4519A1D42AFE7151001330BE /* Messenger.app */;
			productType = "com.apple.product-type.application";
		};
/* End PBXNativeTarget section */

/* Begin PBXProject section */
		4519A1CC2AFE7151001330BE /* Project object */ = {
			isa = PBXProject;
			attributes = {
				BuildIndependentTargetsInParallel = 1;
				LastSwiftUpdateCheck = 1500;
				LastUpgradeCheck = 1500;
				TargetAttributes = {
					4519A1D32AFE7151001330BE = {
						CreatedOnToolsVersion = 15.0.1;
					};
				};
			};
			buildConfigurationList = 4519A1CF2AFE7151001330BE /* Build configuration list for PBXProject "Messenger" */;
			compatibilityVersion = "Xcode 14.0";
			developmentRegion = en;
			hasScannedForEncodings = 0;
			knownRegions = (
				en,
				Base,
			);
			mainGroup = 4519A1CB2AFE7151001330BE;
			packageReferences = (
				4519A2142AFEC512001330BE /* XCRemoteSwiftPackageReference "firebase-ios-sdk" */,
				45FD7F392AFFF5BE007A22F0 /* XCRemoteSwiftPackageReference "facebook-ios-sdk" */,
			);
			productRefGroup = 4519A1D52AFE7151001330BE /* Products */;
			projectDirPath = "";
			projectRoot = "";
			targets = (
				4519A1D32AFE7151001330BE /* Messenger */,
			);
		};
/* End PBXProject section */

/* Begin PBXResourcesBuildPhase section */
		4519A1D22AFE7151001330BE /* Resources */ = {
			isa = PBXResourcesBuildPhase;
			buildActionMask = 2147483647;
			files = (
				4519A1E42AFE7152001330BE /* LaunchScreen.storyboard in Resources */,
				4519A2082AFEBDE2001330BE /* GoogleService-Info.plist in Resources */,
				4519A1E12AFE7152001330BE /* Assets.xcassets in Resources */,
				4519A1DF2AFE7151001330BE /* Main.storyboard in Resources */,
			);
			runOnlyForDeploymentPostprocessing = 0;
		};
/* End PBXResourcesBuildPhase section */

/* Begin PBXSourcesBuildPhase section */
		4519A1D02AFE7151001330BE /* Sources */ = {
			isa = PBXSourcesBuildPhase;
			buildActionMask = 2147483647;
			files = (
				4519A1F22AFE74DE001330BE /* LoginViewController.swift in Sources */,
				45FD7F1A2AFFD634007A22F0 /* DatabaseManager.swift in Sources */,
				4519A1F42AFE74F1001330BE /* RegisterViewController.swift in Sources */,
				4519A1FA2AFE7537001330BE /* NewConversationViewController.swift in Sources */,
				4519A1DC2AFE7151001330BE /* ConversationsViewController.swift in Sources */,
				4519A1F82AFE751D001330BE /* VideoPlayerViewController.swift in Sources */,
				4519A1D82AFE7151001330BE /* AppDelegate.swift in Sources */,
				4519A1FC2AFE7543001330BE /* ProfileViewController.swift in Sources */,
				4519A1DA2AFE7151001330BE /* SceneDelegate.swift in Sources */,
				4519A1FF2AFE7F86001330BE /* UIView+Extension.swift in Sources */,
				4519A1F62AFE750E001330BE /* PhotoViewerViewController.swift in Sources */,
			);
			runOnlyForDeploymentPostprocessing = 0;
		};
/* End PBXSourcesBuildPhase section */

/* Begin PBXVariantGroup section */
		4519A1DD2AFE7151001330BE /* Main.storyboard */ = {
			isa = PBXVariantGroup;
			children = (
				4519A1DE2AFE7151001330BE /* Base */,
			);
			name = Main.storyboard;
			sourceTree = "<group>";
		};
		4519A1E22AFE7152001330BE /* LaunchScreen.storyboard */ = {
			isa = PBXVariantGroup;
			children = (
				4519A1E32AFE7152001330BE /* Base */,
			);
			name = LaunchScreen.storyboard;
			sourceTree = "<group>";
		};
/* End PBXVariantGroup section */

/* Begin XCBuildConfiguration section */
		4519A1E62AFE7152001330BE /* Debug */ = {
			isa = XCBuildConfiguration;
			buildSettings = {
				ALWAYS_SEARCH_USER_PATHS = NO;
				ASSETCATALOG_COMPILER_GENERATE_SWIFT_ASSET_SYMBOL_EXTENSIONS = YES;
				CLANG_ANALYZER_NONNULL = YES;
				CLANG_ANALYZER_NUMBER_OBJECT_CONVERSION = YES_AGGRESSIVE;
				CLANG_CXX_LANGUAGE_STANDARD = "gnu++20";
				CLANG_ENABLE_MODULES = YES;
				CLANG_ENABLE_OBJC_ARC = YES;
				CLANG_ENABLE_OBJC_WEAK = YES;
				CLANG_WARN_BLOCK_CAPTURE_AUTORELEASING = YES;
				CLANG_WARN_BOOL_CONVERSION = YES;
				CLANG_WARN_COMMA = YES;
				CLANG_WARN_CONSTANT_CONVERSION = YES;
				CLANG_WARN_DEPRECATED_OBJC_IMPLEMENTATIONS = YES;
				CLANG_WARN_DIRECT_OBJC_ISA_USAGE = YES_ERROR;
				CLANG_WARN_DOCUMENTATION_COMMENTS = YES;
				CLANG_WARN_EMPTY_BODY = YES;
				CLANG_WARN_ENUM_CONVERSION = YES;
				CLANG_WARN_INFINITE_RECURSION = YES;
				CLANG_WARN_INT_CONVERSION = YES;
				CLANG_WARN_NON_LITERAL_NULL_CONVERSION = YES;
				CLANG_WARN_OBJC_IMPLICIT_RETAIN_SELF = YES;
				CLANG_WARN_OBJC_LITERAL_CONVERSION = YES;
				CLANG_WARN_OBJC_ROOT_CLASS = YES_ERROR;
				CLANG_WARN_QUOTED_INCLUDE_IN_FRAMEWORK_HEADER = YES;
				CLANG_WARN_RANGE_LOOP_ANALYSIS = YES;
				CLANG_WARN_STRICT_PROTOTYPES = YES;
				CLANG_WARN_SUSPICIOUS_MOVE = YES;
				CLANG_WARN_UNGUARDED_AVAILABILITY = YES_AGGRESSIVE;
				CLANG_WARN_UNREACHABLE_CODE = YES;
				CLANG_WARN__DUPLICATE_METHOD_MATCH = YES;
				COPY_PHASE_STRIP = NO;
				DEBUG_INFORMATION_FORMAT = dwarf;
				ENABLE_STRICT_OBJC_MSGSEND = YES;
				ENABLE_TESTABILITY = YES;
				ENABLE_USER_SCRIPT_SANDBOXING = YES;
				GCC_C_LANGUAGE_STANDARD = gnu17;
				GCC_DYNAMIC_NO_PIC = NO;
				GCC_NO_COMMON_BLOCKS = YES;
				GCC_OPTIMIZATION_LEVEL = 0;
				GCC_PREPROCESSOR_DEFINITIONS = (
					"DEBUG=1",
					"$(inherited)",
				);
				GCC_WARN_64_TO_32_BIT_CONVERSION = YES;
				GCC_WARN_ABOUT_RETURN_TYPE = YES_ERROR;
				GCC_WARN_UNDECLARED_SELECTOR = YES;
				GCC_WARN_UNINITIALIZED_AUTOS = YES_AGGRESSIVE;
				GCC_WARN_UNUSED_FUNCTION = YES;
				GCC_WARN_UNUSED_VARIABLE = YES;
				IPHONEOS_DEPLOYMENT_TARGET = 16.0;
				LOCALIZATION_PREFERS_STRING_CATALOGS = YES;
				MTL_ENABLE_DEBUG_INFO = INCLUDE_SOURCE;
				MTL_FAST_MATH = YES;
				ONLY_ACTIVE_ARCH = YES;
				SDKROOT = iphoneos;
				SWIFT_ACTIVE_COMPILATION_CONDITIONS = "DEBUG $(inherited)";
				SWIFT_OPTIMIZATION_LEVEL = "-Onone";
			};
			name = Debug;
		};
		4519A1E72AFE7152001330BE /* Release */ = {
			isa = XCBuildConfiguration;
			buildSettings = {
				ALWAYS_SEARCH_USER_PATHS = NO;
				ASSETCATALOG_COMPILER_GENERATE_SWIFT_ASSET_SYMBOL_EXTENSIONS = YES;
				CLANG_ANALYZER_NONNULL = YES;
				CLANG_ANALYZER_NUMBER_OBJECT_CONVERSION = YES_AGGRESSIVE;
				CLANG_CXX_LANGUAGE_STANDARD = "gnu++20";
				CLANG_ENABLE_MODULES = YES;
				CLANG_ENABLE_OBJC_ARC = YES;
				CLANG_ENABLE_OBJC_WEAK = YES;
				CLANG_WARN_BLOCK_CAPTURE_AUTORELEASING = YES;
				CLANG_WARN_BOOL_CONVERSION = YES;
				CLANG_WARN_COMMA = YES;
				CLANG_WARN_CONSTANT_CONVERSION = YES;
				CLANG_WARN_DEPRECATED_OBJC_IMPLEMENTATIONS = YES;
				CLANG_WARN_DIRECT_OBJC_ISA_USAGE = YES_ERROR;
				CLANG_WARN_DOCUMENTATION_COMMENTS = YES;
				CLANG_WARN_EMPTY_BODY = YES;
				CLANG_WARN_ENUM_CONVERSION = YES;
				CLANG_WARN_INFINITE_RECURSION = YES;
				CLANG_WARN_INT_CONVERSION = YES;
				CLANG_WARN_NON_LITERAL_NULL_CONVERSION = YES;
				CLANG_WARN_OBJC_IMPLICIT_RETAIN_SELF = YES;
				CLANG_WARN_OBJC_LITERAL_CONVERSION = YES;
				CLANG_WARN_OBJC_ROOT_CLASS = YES_ERROR;
				CLANG_WARN_QUOTED_INCLUDE_IN_FRAMEWORK_HEADER = YES;
				CLANG_WARN_RANGE_LOOP_ANALYSIS = YES;
				CLANG_WARN_STRICT_PROTOTYPES = YES;
				CLANG_WARN_SUSPICIOUS_MOVE = YES;
				CLANG_WARN_UNGUARDED_AVAILABILITY = YES_AGGRESSIVE;
				CLANG_WARN_UNREACHABLE_CODE = YES;
				CLANG_WARN__DUPLICATE_METHOD_MATCH = YES;
				COPY_PHASE_STRIP = NO;
				DEBUG_INFORMATION_FORMAT = "dwarf-with-dsym";
				ENABLE_NS_ASSERTIONS = NO;
				ENABLE_STRICT_OBJC_MSGSEND = YES;
				ENABLE_USER_SCRIPT_SANDBOXING = YES;
				GCC_C_LANGUAGE_STANDARD = gnu17;
				GCC_NO_COMMON_BLOCKS = YES;
				GCC_WARN_64_TO_32_BIT_CONVERSION = YES;
				GCC_WARN_ABOUT_RETURN_TYPE = YES_ERROR;
				GCC_WARN_UNDECLARED_SELECTOR = YES;
				GCC_WARN_UNINITIALIZED_AUTOS = YES_AGGRESSIVE;
				GCC_WARN_UNUSED_FUNCTION = YES;
				GCC_WARN_UNUSED_VARIABLE = YES;
				IPHONEOS_DEPLOYMENT_TARGET = 16.0;
				LOCALIZATION_PREFERS_STRING_CATALOGS = YES;
				MTL_ENABLE_DEBUG_INFO = NO;
				MTL_FAST_MATH = YES;
				SDKROOT = iphoneos;
				SWIFT_COMPILATION_MODE = wholemodule;
				VALIDATE_PRODUCT = YES;
			};
			name = Release;
		};
		4519A1E92AFE7152001330BE /* Debug */ = {
			isa = XCBuildConfiguration;
			buildSettings = {
				ASSETCATALOG_COMPILER_APPICON_NAME = AppIcon;
				ASSETCATALOG_COMPILER_GLOBAL_ACCENT_COLOR_NAME = AccentColor;
				CODE_SIGN_ENTITLEMENTS = Messenger/Messenger.entitlements;
				CODE_SIGN_STYLE = Automatic;
				CURRENT_PROJECT_VERSION = 1;
				DEVELOPMENT_TEAM = N2G2NDDG29;
				GENERATE_INFOPLIST_FILE = YES;
				INFOPLIST_FILE = Messenger/Info.plist;
				INFOPLIST_KEY_UIApplicationSupportsIndirectInputEvents = YES;
				INFOPLIST_KEY_UILaunchStoryboardName = LaunchScreen;
				INFOPLIST_KEY_UIMainStoryboardFile = Main;
				INFOPLIST_KEY_UISupportedInterfaceOrientations = UIInterfaceOrientationPortrait;
				IPHONEOS_DEPLOYMENT_TARGET = 16.0;
				LD_RUNPATH_SEARCH_PATHS = (
					"$(inherited)",
					"@executable_path/Frameworks",
				);
				MARKETING_VERSION = 1.0;
				PRODUCT_BUNDLE_IDENTIFIER = com.ahmettarik.Messenger;
				PRODUCT_NAME = "$(TARGET_NAME)";
				SWIFT_EMIT_LOC_STRINGS = YES;
				SWIFT_VERSION = 5.0;
				TARGETED_DEVICE_FAMILY = "1,2";
			};
			name = Debug;
		};
		4519A1EA2AFE7152001330BE /* Release */ = {
			isa = XCBuildConfiguration;
			buildSettings = {
				ASSETCATALOG_COMPILER_APPICON_NAME = AppIcon;
				ASSETCATALOG_COMPILER_GLOBAL_ACCENT_COLOR_NAME = AccentColor;
				CODE_SIGN_ENTITLEMENTS = Messenger/Messenger.entitlements;
				CODE_SIGN_STYLE = Automatic;
				CURRENT_PROJECT_VERSION = 1;
				DEVELOPMENT_TEAM = N2G2NDDG29;
				GENERATE_INFOPLIST_FILE = YES;
				INFOPLIST_FILE = Messenger/Info.plist;
				INFOPLIST_KEY_UIApplicationSupportsIndirectInputEvents = YES;
				INFOPLIST_KEY_UILaunchStoryboardName = LaunchScreen;
				INFOPLIST_KEY_UIMainStoryboardFile = Main;
				INFOPLIST_KEY_UISupportedInterfaceOrientations = UIInterfaceOrientationPortrait;
				IPHONEOS_DEPLOYMENT_TARGET = 16.0;
				LD_RUNPATH_SEARCH_PATHS = (
					"$(inherited)",
					"@executable_path/Frameworks",
				);
				MARKETING_VERSION = 1.0;
				PRODUCT_BUNDLE_IDENTIFIER = com.ahmettarik.Messenger;
				PRODUCT_NAME = "$(TARGET_NAME)";
				SWIFT_EMIT_LOC_STRINGS = YES;
				SWIFT_VERSION = 5.0;
				TARGETED_DEVICE_FAMILY = "1,2";
			};
			name = Release;
		};
/* End XCBuildConfiguration section */

/* Begin XCConfigurationList section */
		4519A1CF2AFE7151001330BE /* Build configuration list for PBXProject "Messenger" */ = {
			isa = XCConfigurationList;
			buildConfigurations = (
				4519A1E62AFE7152001330BE /* Debug */,
				4519A1E72AFE7152001330BE /* Release */,
			);
			defaultConfigurationIsVisible = 0;
			defaultConfigurationName = Release;
		};
		4519A1E82AFE7152001330BE /* Build configuration list for PBXNativeTarget "Messenger" */ = {
			isa = XCConfigurationList;
			buildConfigurations = (
				4519A1E92AFE7152001330BE /* Debug */,
				4519A1EA2AFE7152001330BE /* Release */,
			);
			defaultConfigurationIsVisible = 0;
			defaultConfigurationName = Release;
		};
/* End XCConfigurationList section */

/* Begin XCRemoteSwiftPackageReference section */
		4519A2142AFEC512001330BE /* XCRemoteSwiftPackageReference "firebase-ios-sdk" */ = {
			isa = XCRemoteSwiftPackageReference;
			repositoryURL = "https://github.com/firebase/firebase-ios-sdk";
			requirement = {
				kind = upToNextMajorVersion;
				minimumVersion = 10.17.0;
			};
		};
		45FD7F392AFFF5BE007A22F0 /* XCRemoteSwiftPackageReference "facebook-ios-sdk" */ = {
			isa = XCRemoteSwiftPackageReference;
			repositoryURL = "https://github.com/facebook/facebook-ios-sdk";
			requirement = {
				kind = upToNextMajorVersion;
				minimumVersion = 14.1.0;
			};
		};
/* End XCRemoteSwiftPackageReference section */

/* Begin XCSwiftPackageProductDependency section */
		4519A2152AFEC512001330BE /* FirebaseAnalytics */ = {
			isa = XCSwiftPackageProductDependency;
			package = 4519A2142AFEC512001330BE /* XCRemoteSwiftPackageReference "firebase-ios-sdk" */;
			productName = FirebaseAnalytics;
		};
		4519A2172AFEC512001330BE /* FirebaseAnalyticsOnDeviceConversion */ = {
			isa = XCSwiftPackageProductDependency;
			package = 4519A2142AFEC512001330BE /* XCRemoteSwiftPackageReference "firebase-ios-sdk" */;
			productName = FirebaseAnalyticsOnDeviceConversion;
		};
		4519A2192AFEC512001330BE /* FirebaseAnalyticsSwift */ = {
			isa = XCSwiftPackageProductDependency;
			package = 4519A2142AFEC512001330BE /* XCRemoteSwiftPackageReference "firebase-ios-sdk" */;
			productName = FirebaseAnalyticsSwift;
		};
		4519A21B2AFEC512001330BE /* FirebaseAnalyticsWithoutAdIdSupport */ = {
			isa = XCSwiftPackageProductDependency;
			package = 4519A2142AFEC512001330BE /* XCRemoteSwiftPackageReference "firebase-ios-sdk" */;
			productName = FirebaseAnalyticsWithoutAdIdSupport;
		};
		4519A21D2AFEC512001330BE /* FirebaseAppCheck */ = {
			isa = XCSwiftPackageProductDependency;
			package = 4519A2142AFEC512001330BE /* XCRemoteSwiftPackageReference "firebase-ios-sdk" */;
			productName = FirebaseAppCheck;
		};
		4519A21F2AFEC512001330BE /* FirebaseAppDistribution-Beta */ = {
			isa = XCSwiftPackageProductDependency;
			package = 4519A2142AFEC512001330BE /* XCRemoteSwiftPackageReference "firebase-ios-sdk" */;
			productName = "FirebaseAppDistribution-Beta";
		};
		4519A2212AFEC512001330BE /* FirebaseAuth */ = {
			isa = XCSwiftPackageProductDependency;
			package = 4519A2142AFEC512001330BE /* XCRemoteSwiftPackageReference "firebase-ios-sdk" */;
			productName = FirebaseAuth;
		};
		4519A2232AFEC512001330BE /* FirebaseAuthCombine-Community */ = {
			isa = XCSwiftPackageProductDependency;
			package = 4519A2142AFEC512001330BE /* XCRemoteSwiftPackageReference "firebase-ios-sdk" */;
			productName = "FirebaseAuthCombine-Community";
		};
		4519A2252AFEC512001330BE /* FirebaseCrashlytics */ = {
			isa = XCSwiftPackageProductDependency;
			package = 4519A2142AFEC512001330BE /* XCRemoteSwiftPackageReference "firebase-ios-sdk" */;
			productName = FirebaseCrashlytics;
		};
		4519A2272AFEC512001330BE /* FirebaseDatabase */ = {
			isa = XCSwiftPackageProductDependency;
			package = 4519A2142AFEC512001330BE /* XCRemoteSwiftPackageReference "firebase-ios-sdk" */;
			productName = FirebaseDatabase;
		};
		4519A2292AFEC512001330BE /* FirebaseDatabaseSwift */ = {
			isa = XCSwiftPackageProductDependency;
			package = 4519A2142AFEC512001330BE /* XCRemoteSwiftPackageReference "firebase-ios-sdk" */;
			productName = FirebaseDatabaseSwift;
		};
		4519A22B2AFEC512001330BE /* FirebaseDynamicLinks */ = {
			isa = XCSwiftPackageProductDependency;
			package = 4519A2142AFEC512001330BE /* XCRemoteSwiftPackageReference "firebase-ios-sdk" */;
			productName = FirebaseDynamicLinks;
		};
		4519A22D2AFEC512001330BE /* FirebaseFirestore */ = {
			isa = XCSwiftPackageProductDependency;
			package = 4519A2142AFEC512001330BE /* XCRemoteSwiftPackageReference "firebase-ios-sdk" */;
			productName = FirebaseFirestore;
		};
		4519A22F2AFEC512001330BE /* FirebaseFirestoreCombine-Community */ = {
			isa = XCSwiftPackageProductDependency;
			package = 4519A2142AFEC512001330BE /* XCRemoteSwiftPackageReference "firebase-ios-sdk" */;
			productName = "FirebaseFirestoreCombine-Community";
		};
		4519A2312AFEC512001330BE /* FirebaseFirestoreSwift */ = {
			isa = XCSwiftPackageProductDependency;
			package = 4519A2142AFEC512001330BE /* XCRemoteSwiftPackageReference "firebase-ios-sdk" */;
			productName = FirebaseFirestoreSwift;
		};
		4519A2332AFEC512001330BE /* FirebaseFunctions */ = {
			isa = XCSwiftPackageProductDependency;
			package = 4519A2142AFEC512001330BE /* XCRemoteSwiftPackageReference "firebase-ios-sdk" */;
			productName = FirebaseFunctions;
		};
		4519A2352AFEC512001330BE /* FirebaseFunctionsCombine-Community */ = {
			isa = XCSwiftPackageProductDependency;
			package = 4519A2142AFEC512001330BE /* XCRemoteSwiftPackageReference "firebase-ios-sdk" */;
			productName = "FirebaseFunctionsCombine-Community";
		};
		4519A2372AFEC512001330BE /* FirebaseInAppMessaging-Beta */ = {
			isa = XCSwiftPackageProductDependency;
			package = 4519A2142AFEC512001330BE /* XCRemoteSwiftPackageReference "firebase-ios-sdk" */;
			productName = "FirebaseInAppMessaging-Beta";
		};
		4519A2392AFEC512001330BE /* FirebaseInAppMessagingSwift-Beta */ = {
			isa = XCSwiftPackageProductDependency;
			package = 4519A2142AFEC512001330BE /* XCRemoteSwiftPackageReference "firebase-ios-sdk" */;
			productName = "FirebaseInAppMessagingSwift-Beta";
		};
		4519A23B2AFEC512001330BE /* FirebaseInstallations */ = {
			isa = XCSwiftPackageProductDependency;
			package = 4519A2142AFEC512001330BE /* XCRemoteSwiftPackageReference "firebase-ios-sdk" */;
			productName = FirebaseInstallations;
		};
		4519A23D2AFEC512001330BE /* FirebaseMLModelDownloader */ = {
			isa = XCSwiftPackageProductDependency;
			package = 4519A2142AFEC512001330BE /* XCRemoteSwiftPackageReference "firebase-ios-sdk" */;
			productName = FirebaseMLModelDownloader;
		};
		4519A23F2AFEC512001330BE /* FirebaseMessaging */ = {
			isa = XCSwiftPackageProductDependency;
			package = 4519A2142AFEC512001330BE /* XCRemoteSwiftPackageReference "firebase-ios-sdk" */;
			productName = FirebaseMessaging;
		};
		4519A2412AFEC512001330BE /* FirebasePerformance */ = {
			isa = XCSwiftPackageProductDependency;
			package = 4519A2142AFEC512001330BE /* XCRemoteSwiftPackageReference "firebase-ios-sdk" */;
			productName = FirebasePerformance;
		};
		4519A2432AFEC512001330BE /* FirebaseRemoteConfig */ = {
			isa = XCSwiftPackageProductDependency;
			package = 4519A2142AFEC512001330BE /* XCRemoteSwiftPackageReference "firebase-ios-sdk" */;
			productName = FirebaseRemoteConfig;
		};
		4519A2452AFEC512001330BE /* FirebaseRemoteConfigSwift */ = {
			isa = XCSwiftPackageProductDependency;
			package = 4519A2142AFEC512001330BE /* XCRemoteSwiftPackageReference "firebase-ios-sdk" */;
			productName = FirebaseRemoteConfigSwift;
		};
		4519A2472AFEC512001330BE /* FirebaseStorage */ = {
			isa = XCSwiftPackageProductDependency;
			package = 4519A2142AFEC512001330BE /* XCRemoteSwiftPackageReference "firebase-ios-sdk" */;
			productName = FirebaseStorage;
		};
		4519A2492AFEC512001330BE /* FirebaseStorageCombine-Community */ = {
			isa = XCSwiftPackageProductDependency;
			package = 4519A2142AFEC512001330BE /* XCRemoteSwiftPackageReference "firebase-ios-sdk" */;
			productName = "FirebaseStorageCombine-Community";
		};
		45FD7F3A2AFFF5BE007A22F0 /* FacebookBasics */ = {
			isa = XCSwiftPackageProductDependency;
			package = 45FD7F392AFFF5BE007A22F0 /* XCRemoteSwiftPackageReference "facebook-ios-sdk" */;
			productName = FacebookBasics;
		};
		45FD7F3C2AFFF5BE007A22F0 /* FacebookCore */ = {
			isa = XCSwiftPackageProductDependency;
			package = 45FD7F392AFFF5BE007A22F0 /* XCRemoteSwiftPackageReference "facebook-ios-sdk" */;
			productName = FacebookCore;
		};
		45FD7F3E2AFFF5BE007A22F0 /* FacebookLogin */ = {
			isa = XCSwiftPackageProductDependency;
			package = 45FD7F392AFFF5BE007A22F0 /* XCRemoteSwiftPackageReference "facebook-ios-sdk" */;
			productName = FacebookLogin;
		};
/* End XCSwiftPackageProductDependency section */
	};
	rootObject = 4519A1CC2AFE7151001330BE /* Project object */;
}
